
Microsoft Visual Studio Solution File, Format Version 12.00
# Visual Studio 15
VisualStudioVersion = 15.0.26430.12
MinimumVisualStudioVersion = 10.0.40219.1
Project("{FAE04EC0-301F-11D3-BF4B-00C04F79EFBC}") = "PackageBindingRedirection", "PackageBindingRedirection\PackageBindingRedirection.csproj", "{E752D40E-E367-4C45-B873-B4DECA416809}"
EndProject
Global
	GlobalSection(SolutionConfigurationPlatforms) = preSolution
		Debug|Any CPU = Debug|Any CPU
		Release|Any CPU = Release|Any CPU
	EndGlobalSection
	GlobalSection(ProjectConfigurationPlatforms) = postSolution
		{E752D40E-E367-4C45-B873-B4DECA416809}.Debug|Any CPU.ActiveCfg = Debug|Any CPU
		{E752D40E-E367-4C45-B873-B4DECA416809}.Debug|Any CPU.Build.0 = Debug|Any CPU
		{E752D40E-E367-4C45-B873-B4DECA416809}.Release|Any CPU.ActiveCfg = Release|Any CPU
		{E752D40E-E367-4C45-B873-B4DECA416809}.Release|Any CPU.Build.0 = Release|Any CPU
	EndGlobalSection
	GlobalSection(SolutionProperties) = preSolution
		HideSolutionNode = FALSE
	EndGlobalSection
EndGlobal
